{
  "nodes": {
    "brew-src": {
      "flake": false,
      "locked": {
        "lastModified": 1785710351,
        "narHash": "sha256-DTL5T9+HlblsnXCEdxRpEo/2NBHD3t48BS7r+PTf090=",
        "owner": "Homebrew",
        "repo": "brew",
        "rev": "7b0f22a4ab77567edef114c8dfc423fb96e2fbaa",
        "type": "github"
      },
      "original": {
        "owner": "Homebrew",
        "ref": "6.0.15",
        "repo": "brew",
        "type": "github"
      }
    },
    "fenix": {
      "inputs": {
        "nixpkgs": [
          "nixpkgs"
        ],
        "rust-analyzer-src": "rust-analyzer-src"
      },
      "locked": {
        "lastModified": 1786005881,
        "narHash": "sha256-Bj3VKIiwX1daO4vOIyAM507A65J0aaRSctc87kiT7H4=",
        "owner": "nix-community",
        "repo": "fenix",
        "rev": "a7c3ef79859bf024cdc865a0ed8f14a4e3f31099",
        "type": "github"
      },
      "original": {
        "owner": "nix-community",
        "repo": "fenix",
        "type": "github"
      }
    },
    "home-manager": {
      "inputs": {
        "nixpkgs": [
          "nixpkgs"
        ]
      },
      "locked": {
        "lastModified": 1785958398,
        "narHash": "sha256-5r/JgsoNMTx+qIh83WkxpujEKBR7PF5ssnh5vYCuSAw=",
        "owner": "nix-community",
        "repo": "home-manager",
        "rev": "a7c70cc290290f373f50cd820403833d250459ac",
        "type": "github"
      },
      "original": {
        "owner": "nix-community",
        "repo": "home-manager",
        "type": "github"
      }
    },
    "nix-claude-code": {
      "inputs": {
        "nixpkgs": "nixpkgs"
      },
      "locked": {
        "lastModified": 1785971993,
        "narHash": "sha256-LlnQ3eKTaR9hbPb875JE6sH45DCAcipZRWqpS6C45Zk=",
        "owner": "ryoppippi",
        "repo": "nix-claude-code",
        "rev": "812585781fdc1bff22a4baa1a04c3988d5e60857",
        "type": "github"
      },
      "original": {
        "owner": "ryoppippi",
        "repo": "nix-claude-code",
        "type": "github"
      }
    },
    "nix-darwin": {
      "inputs": {
        "nixpkgs": [
          "nixpkgs"
        ]
      },
      "locked": {
        "lastModified": 1785389976,
        "narHash": "sha256-0tLW8Ff5yt8AH97jw4ZpFJ0OCJ122zIlgWGDmOfU/VU=",
        "owner": "nix-darwin",
        "repo": "nix-darwin",
        "rev": "15abb8c98f336cd8bd840d71059adebabe60bf04",
        "type": "github"
      },
      "original": {
        "owner": "nix-darwin",
        "repo": "nix-darwin",
        "type": "github"
      }
    },
    "nix-homebrew": {
      "inputs": {
        "brew-src": "brew-src"
      },
      "locked": {
        "lastModified": 1786217209,
        "narHash": "sha256-rusAj5QBnbSwXG6csns6dwxTeCOGRcj08VmlnhUQ6ZY=",
        "owner": "zhaofengli",
        "repo": "nix-homebrew",
        "rev": "486357ea434dc0061ea52121ff99b1d33096c811",
        "type": "github"
      },
      "original": {
        "owner": "zhaofengli",
        "repo": "nix-homebrew",
        "type": "github"
      }
    },
    "nixos-hardware": {
      "inputs": {
        "nixpkgs": "nixpkgs_2"
      },
      "locked": {
        "lastModified": 1785232496,
        "narHash": "sha256-65EQYIRRpTdpH8lUiB6Mvo5uBkG60aBIzAJuALfx+O0=",
        "owner": "NixOS",
        "repo": "nixos-hardware",
        "rev": "2e790b0a6be8ec2b76174ac0931b8ff11919ec98",
        "type": "github"
      },
      "original": {
        "owner": "NixOS",
        "repo": "nixos-hardware",
        "type": "github"
      }
    },
    "nixpkgs": {
      "locked": {
        "lastModified": 1785571196,
        "narHash": "sha256-KoTsyMQqnXQZq8deCEnu4QkyldkwH/bpMMhUcfMdGIw=",
        "owner": "NixOS",
        "repo": "nixpkgs",
        "rev": "148bab9c1c3c53136ecb44a6ea356a0ed5b39b06",
        "type": "github"
      },
      "original": {
        "owner": "NixOS",
        "ref": "nixos-unstable",
        "repo": "nixpkgs",
        "type": "github"
      }
    },
    "nixpkgs_2": {
      "locked": {
        "lastModified": 1767892417,
        "narHash": "sha256-8bW3q88CEg2u4hSP66Vf4lpbLonHz7hqDNBMcCY7E9U=",
        "rev": "3497aa5c9457a9d88d71fa93a4a8368816fbeeba",
        "type": "tarball",
        "url": "https://releases.nixos.org/nixos/unstable/nixos-26.05pre924538.3497aa5c9457/nixexprs.tar.xz"
      },
      "original": {
        "type": "tarball",
        "url": "https://channels.nixos.org/nixos-unstable/nixexprs.tar.xz"
      }
    },
    "nixpkgs_3": {
      "locked": {
        "lastModified": 1785967620,
        "narHash": "sha256-IItrdb7Puk05RqOBWZYFC5X6Wl1sJmCfh5MWVHw5iMM=",
        "owner": "nixos",
        "repo": "nixpkgs",
        "rev": "b7c2ada94fe99c15b0dbcf4d11fd7850b957a436",
        "type": "github"
      },
      "original": {
        "owner": "nixos",
        "ref": "nixos-unstable",
        "repo": "nixpkgs",
        "type": "github"
      }
    },
    "root": {
      "inputs": {
        "fenix": "fenix",
        "home-manager": "home-manager",
        "nix-claude-code": "nix-claude-code",
        "nix-darwin": "nix-darwin",
        "nix-homebrew": "nix-homebrew",
        "nixos-hardware": "nixos-hardware",
        "nixpkgs": "nixpkgs_3"
      }
    },
    "rust-analyzer-src": {
      "flake": false,
      "locked": {
        "lastModified": 1785960076,
        "narHash": "sha256-+Xej+akyhjZIFnsEIZLO3c6YNvlnKB3rFMzsprQCyDM=",
        "owner": "rust-lang",
        "repo": "rust-analyzer",
        "rev": "cf3b451f47c01d76989425d1ace3f1cba70f1fdb",
        "type": "github"
      },
      "original": {
        "owner": "rust-lang",
        "ref": "nightly",
        "repo": "rust-analyzer",
        "type": "github"
      }
    }
  },
  "root": "root",
  "version": 7
}
